
Microsoft Visual Studio Solution File, Format Version 12.00
# Visual Studio 15
VisualStudioVersion = 15.0.28307.489
MinimumVisualStudioVersion = 10.0.40219.1
Project("{9A19103F-16F7-4668-BE54-9A1E7A4F7556}") = "Server", "Server\Server.csproj", "{AC4EC522-95C6-4445-BACD-B4C5BD62E768}"
EndProject
Project("{2150E333-8FDC-42A3-9474-1A3956D46DE8}") = "DataBaseLayer", "DataBaseLayer", "{72563D1D-EB0A-4681-9887-FBDDB324D602}"
EndProject
Project("{2150E333-8FDC-42A3-9474-1A3956D46DE8}") = "BusinessLayer", "BusinessLayer", "{30F3B39F-3E3E-4FEC-90AF-8A28CDA8015D}"
EndProject
Project("{9A19103F-16F7-4668-BE54-9A1E7A4F7556}") = "Server.Data", "DataBaseLayer\Server.Date\Server.Data.csproj", "{8CDDC0D0-2CBE-4777-A41E-09159C3300FB}"
EndProject
Project("{9A19103F-16F7-4668-BE54-9A1E7A4F7556}") = "Server.DataAccess", "DataBaseLayer\Server.DataAccess\Server.DataAccess.csproj", "{F254D447-30D4-4189-A022-D5CD422137A2}"
EndProject
Project("{9A19103F-16F7-4668-BE54-9A1E7A4F7556}") = "Server.Contracts", "BusinessLayer\Server.Contracts\Server.Contracts.csproj", "{A3881818-763C-4A0B-AD81-DD325A28D1A5}"
EndProject
Project("{9A19103F-16F7-4668-BE54-9A1E7A4F7556}") = "Server.Service", "BusinessLayer\Server.EmployeeService\Server.Service.csproj", "{DED18C23-B1DF-45B8-A159-88830E85C0E5}"
EndProject
Global
	GlobalSection(SolutionConfigurationPlatforms) = preSolution
		Debug|Any CPU = Debug|Any CPU
		Release|Any CPU = Release|Any CPU
	EndGlobalSection
	GlobalSection(ProjectConfigurationPlatforms) = postSolution
		{AC4EC522-95C6-4445-BACD-B4C5BD62E768}.Debug|Any CPU.ActiveCfg = Debug|Any CPU
		{AC4EC522-95C6-4445-BACD-B4C5BD62E768}.Debug|Any CPU.Build.0 = Debug|Any CPU
		{AC4EC522-95C6-4445-BACD-B4C5BD62E768}.Release|Any CPU.ActiveCfg = Release|Any CPU
		{AC4EC522-95C6-4445-BACD-B4C5BD62E768}.Release|Any CPU.Build.0 = Release|Any CPU
		{8CDDC0D0-2CBE-4777-A41E-09159C3300FB}.Debug|Any CPU.ActiveCfg = Debug|Any CPU
		{8CDDC0D0-2CBE-4777-A41E-09159C3300FB}.Debug|Any CPU.Build.0 = Debug|Any CPU
		{8CDDC0D0-2CBE-4777-A41E-09159C3300FB}.Release|Any CPU.ActiveCfg = Release|Any CPU
		{8CDDC0D0-2CBE-4777-A41E-09159C3300FB}.Release|Any CPU.Build.0 = Release|Any CPU
		{F254D447-30D4-4189-A022-D5CD422137A2}.Debug|Any CPU.ActiveCfg = Debug|Any CPU
		{F254D447-30D4-4189-A022-D5CD422137A2}.Debug|Any CPU.Build.0 = Debug|Any CPU
		{F254D447-30D4-4189-A022-D5CD422137A2}.Release|Any CPU.ActiveCfg = Release|Any CPU
		{F254D447-30D4-4189-A022-D5CD422137A2}.Release|Any CPU.Build.0 = Release|Any CPU
		{A3881818-763C-4A0B-AD81-DD325A28D1A5}.Debug|Any CPU.ActiveCfg = Debug|Any CPU
		{A3881818-763C-4A0B-AD81-DD325A28D1A5}.Debug|Any CPU.Build.0 = Debug|Any CPU
		{A3881818-763C-4A0B-AD81-DD325A28D1A5}.Release|Any CPU.ActiveCfg = Release|Any CPU
		{A3881818-763C-4A0B-AD81-DD325A28D1A5}.Release|Any CPU.Build.0 = Release|Any CPU
		{DED18C23-B1DF-45B8-A159-88830E85C0E5}.Debug|Any CPU.ActiveCfg = Debug|Any CPU
		{DED18C23-B1DF-45B8-A159-88830E85C0E5}.Debug|Any CPU.Build.0 = Debug|Any CPU
		{DED18C23-B1DF-45B8-A159-88830E85C0E5}.Release|Any CPU.ActiveCfg = Release|Any CPU
		{DED18C23-B1DF-45B8-A159-88830E85C0E5}.Release|Any CPU.Build.0 = Release|Any CPU
	EndGlobalSection
	GlobalSection(SolutionProperties) = preSolution
		HideSolutionNode = FALSE
	EndGlobalSection
	GlobalSection(NestedProjects) = preSolution
		{8CDDC0D0-2CBE-4777-A41E-09159C3300FB} = {72563D1D-EB0A-4681-9887-FBDDB324D602}
		{F254D447-30D4-4189-A022-D5CD422137A2} = {72563D1D-EB0A-4681-9887-FBDDB324D602}
		{A3881818-763C-4A0B-AD81-DD325A28D1A5} = {30F3B39F-3E3E-4FEC-90AF-8A28CDA8015D}
		{DED18C23-B1DF-45B8-A159-88830E85C0E5} = {30F3B39F-3E3E-4FEC-90AF-8A28CDA8015D}
	EndGlobalSection
	GlobalSection(ExtensibilityGlobals) = postSolution
		SolutionGuid = {B3DC9F47-6354-4193-901A-20DE3389FFC0}
	EndGlobalSection
EndGlobal
